// !$*UTF8*$!
{
	archiveVersion = 1;
	classes = {
	};
	objectVersion = 48;
	objects = {

/* Begin PBXBuildFile section */
		4D09C74F2042B63600C82104 /* Defaults.swift in Sources */ = {isa = PBXBuildFile; fileRef = 4D09C74E2042B63600C82104 /* Defaults.swift */; };
		4D163C51205A541500C82104 /* RegistryEntry.swift in Sources */ = {isa = PBXBuildFile; fileRef = 4D163C4F205A541400C82104 /* RegistryEntry.swift */; };
		4D163C57205A541F00C82104 /* CloverSettings.swift in Sources */ = {isa = PBXBuildFile; fileRef = 4D163C55205A541F00C82104 /* CloverSettings.swift */; };
		4D163C59205A8A9100C82104 /* NvidiaCloverSettings.swift in Sources */ = {isa = PBXBuildFile; fileRef = 4D163C58205A8A9100C82104 /* NvidiaCloverSettings.swift */; };
		4D17721C20453FE300C82104 /* WebDriverNotifications.swift in Sources */ = {isa = PBXBuildFile; fileRef = 4D17721B20453FE300C82104 /* WebDriverNotifications.swift */; };
		4D17721E204544E900C82104 /* sysctl.swift in Sources */ = {isa = PBXBuildFile; fileRef = 4D17721D204544E900C82104 /* sysctl.swift */; };
		4D304423204090C400C82104 /* AppDelegate.swift in Sources */ = {isa = PBXBuildFile; fileRef = 4D304422204090C400C82104 /* AppDelegate.swift */; };
		4D304425204090C400C82104 /* Assets.xcassets in Resources */ = {isa = PBXBuildFile; fileRef = 4D304424204090C400C82104 /* Assets.xcassets */; };
		4D304428204090C400C82104 /* MainMenu.xib in Resources */ = {isa = PBXBuildFile; fileRef = 4D304426204090C400C82104 /* MainMenu.xib */; };
		4D304438204090F300C82104 /* Nvram.swift in Sources */ = {isa = PBXBuildFile; fileRef = 4D304433204090F300C82104 /* Nvram.swift */; };
		4D49F93F205D011300C82104 /* PreferencesViewController.swift in Sources */ = {isa = PBXBuildFile; fileRef = 4D49F93E205D011300C82104 /* PreferencesViewController.swift */; };
		4D555D642055381E00C82104 /* README.md in Resources */ = {isa = PBXBuildFile; fileRef = 4D555D632055381E00C82104 /* README.md */; };
		4D6BC72F2058153100C82104 /* Main.storyboard in Resources */ = {isa = PBXBuildFile; fileRef = 4D6BC7312058153100C82104 /* Main.storyboard */; };
		4D827091205C21BC00C82104 /* Liberator.swift in Sources */ = {isa = PBXBuildFile; fileRef = 4D827090205C21BC00C82104 /* Liberator.swift */; };
		4D8270CA205C728800C82104 /* Packager.swift in Sources */ = {isa = PBXBuildFile; fileRef = 4D8270C9205C728800C82104 /* Packager.swift */; };
		4D8347AC204211D100C82104 /* nvram.applescript in Sources */ = {isa = PBXBuildFile; fileRef = 4D8347AB204211D100C82104 /* nvram.applescript */; };
		4D8347AD204211E100C82104 /* nvram.applescript in Resources */ = {isa = PBXBuildFile; fileRef = 4D8347AB204211D100C82104 /* nvram.applescript */; };
		4D8879272055DF4400C82104 /* AboutViewController.swift in Sources */ = {isa = PBXBuildFile; fileRef = 4D8879262055DF4400C82104 /* AboutViewController.swift */; };
		4DA515A4205BB17D00C82104 /* PackageDropView.swift in Sources */ = {isa = PBXBuildFile; fileRef = 4DA515A3205BB17D00C82104 /* PackageDropView.swift */; };
/* End PBXBuildFile section */

/* Begin PBXCopyFilesBuildPhase section */
		4DA515BB205BF66300C82104 /* Embed Frameworks */ = {
			isa = PBXCopyFilesBuildPhase;
			buildActionMask = 2147483647;
			dstPath = "";
			dstSubfolderSpec = 10;
			files = (
			);
			name = "Embed Frameworks";
			runOnlyForDeploymentPostprocessing = 0;
		};
/* End PBXCopyFilesBuildPhase section */

/* Begin PBXFileReference section */
		4D09C74E2042B63600C82104 /* Defaults.swift */ = {isa = PBXFileReference; lastKnownFileType = sourcecode.swift; path = Defaults.swift; sourceTree = "<group>"; };
		4D163C4F205A541400C82104 /* RegistryEntry.swift */ = {isa = PBXFileReference; fileEncoding = 4; lastKnownFileType = sourcecode.swift; path = RegistryEntry.swift; sourceTree = "<group>"; };
		4D163C55205A541F00C82104 /* CloverSettings.swift */ = {isa = PBXFileReference; fileEncoding = 4; lastKnownFileType = sourcecode.swift; path = CloverSettings.swift; sourceTree = "<group>"; };
		4D163C58205A8A9100C82104 /* NvidiaCloverSettings.swift */ = {isa = PBXFileReference; lastKnownFileType = sourcecode.swift; path = NvidiaCloverSettings.swift; sourceTree = "<group>"; };
		4D17721B20453FE300C82104 /* WebDriverNotifications.swift */ = {isa = PBXFileReference; lastKnownFileType = sourcecode.swift; path = WebDriverNotifications.swift; sourceTree = "<group>"; };
		4D17721D204544E900C82104 /* sysctl.swift */ = {isa = PBXFileReference; lastKnownFileType = sourcecode.swift; path = sysctl.swift; sourceTree = "<group>"; };
		4D30441F204090C400C82104 /* Web Driver Manager.app */ = {isa = PBXFileReference; explicitFileType = wrapper.application; includeInIndex = 0; path = "Web Driver Manager.app"; sourceTree = BUILT_PRODUCTS_DIR; };
		4D304422204090C400C82104 /* AppDelegate.swift */ = {isa = PBXFileReference; lastKnownFileType = sourcecode.swift; path = AppDelegate.swift; sourceTree = "<group>"; };
		4D304424204090C400C82104 /* Assets.xcassets */ = {isa = PBXFileReference; lastKnownFileType = folder.assetcatalog; path = Assets.xcassets; sourceTree = "<group>"; };
		4D304427204090C400C82104 /* Base */ = {isa = PBXFileReference; lastKnownFileType = file.xib; name = Base; path = Base.lproj/MainMenu.xib; sourceTree = "<group>"; };
		4D304429204090C400C82104 /* Info.plist */ = {isa = PBXFileReference; lastKnownFileType = text.plist.xml; path = Info.plist; sourceTree = "<group>"; };
		4D30442A204090C400C82104 /* Web_Driver_Manager.entitlements */ = {isa = PBXFileReference; lastKnownFileType = text.plist.entitlements; path = Web_Driver_Manager.entitlements; sourceTree = "<group>"; };
		4D304433204090F300C82104 /* Nvram.swift */ = {isa = PBXFileReference; fileEncoding = 4; lastKnownFileType = sourcecode.swift; path = Nvram.swift; sourceTree = "<group>"; };
		4D49F93E205D011300C82104 /* PreferencesViewController.swift */ = {isa = PBXFileReference; lastKnownFileType = sourcecode.swift; path = PreferencesViewController.swift; sourceTree = "<group>"; };
		4D555D632055381E00C82104 /* README.md */ = {isa = PBXFileReference; fileEncoding = 4; lastKnownFileType = net.daringfireball.markdown; path = README.md; sourceTree = "<group>"; };
		4D6BC72E2058110400C82104 /* en */ = {isa = PBXFileReference; lastKnownFileType = text.plist.strings; name = en; path = en.lproj/MainMenu.strings; sourceTree = "<group>"; };
		4D6BC7302058153100C82104 /* Base */ = {isa = PBXFileReference; lastKnownFileType = file.storyboard; name = Base; path = Base.lproj/Main.storyboard; sourceTree = "<group>"; };
		4D6BC7352058156300C82104 /* en */ = {isa = PBXFileReference; lastKnownFileType = text.plist.strings; name = en; path = en.lproj/Main.strings; sourceTree = "<group>"; };
		4D82707A205BF93F00C82104 /* BridgingHeader.h */ = {isa = PBXFileReference; lastKnownFileType = sourcecode.c.h; path = BridgingHeader.h; sourceTree = "<group>"; };
		4D827090205C21BC00C82104 /* Liberator.swift */ = {isa = PBXFileReference; lastKnownFileType = sourcecode.swift; path = Liberator.swift; sourceTree = "<group>"; };
		4D8270C9205C728800C82104 /* Packager.swift */ = {isa = PBXFileReference; lastKnownFileType = sourcecode.swift; path = Packager.swift; sourceTree = "<group>"; };
		4D8347AB204211D100C82104 /* nvram.applescript */ = {isa = PBXFileReference; fileEncoding = 4; lastKnownFileType = sourcecode.applescript; path = nvram.applescript; sourceTree = "<group>"; };
		4D8879262055DF4400C82104 /* AboutViewController.swift */ = {isa = PBXFileReference; lastKnownFileType = sourcecode.swift; path = AboutViewController.swift; sourceTree = "<group>"; };
		4DA515A3205BB17D00C82104 /* PackageDropView.swift */ = {isa = PBXFileReference; lastKnownFileType = sourcecode.swift; path = PackageDropView.swift; sourceTree = "<group>"; };
/* End PBXFileReference section */

/* Begin PBXFrameworksBuildPhase section */
		4D30441C204090C400C82104 /* Frameworks */ = {
			isa = PBXFrameworksBuildPhase;
			buildActionMask = 2147483647;
			files = (
			);
			runOnlyForDeploymentPostprocessing = 0;
		};
/* End PBXFrameworksBuildPhase section */

/* Begin PBXGroup section */
		4D163C4E205A541400C82104 /* registry-entry */ = {
			isa = PBXGroup;
			children = (
				4D163C4F205A541400C82104 /* RegistryEntry.swift */,
			);
			path = "registry-entry";
			sourceTree = "<group>";
		};
		4D163C53205A541F00C82104 /* clover-settings */ = {
			isa = PBXGroup;
			children = (
				4D163C55205A541F00C82104 /* CloverSettings.swift */,
			);
			path = "clover-settings";
			sourceTree = "<group>";
		};
		4D304416204090C400C82104 = {
			isa = PBXGroup;
			children = (
				4D555D632055381E00C82104 /* README.md */,
				4D163C53205A541F00C82104 /* clover-settings */,
				4D163C4E205A541400C82104 /* registry-entry */,
				4D304421204090C400C82104 /* WebDriverManager */,
				4D304420204090C400C82104 /* Products */,
			);
			sourceTree = "<group>";
		};
		4D304420204090C400C82104 /* Products */ = {
			isa = PBXGroup;
			children = (
				4D30441F204090C400C82104 /* Web Driver Manager.app */,
			);
			name = Products;
			sourceTree = "<group>";
		};
		4D304421204090C400C82104 /* WebDriverManager */ = {
			isa = PBXGroup;
			children = (
				4D8879262055DF4400C82104 /* AboutViewController.swift */,
				4D304422204090C400C82104 /* AppDelegate.swift */,
				4D304424204090C400C82104 /* Assets.xcassets */,
				4D82707A205BF93F00C82104 /* BridgingHeader.h */,
				4D09C74E2042B63600C82104 /* Defaults.swift */,
				4D304429204090C400C82104 /* Info.plist */,
				4D827090205C21BC00C82104 /* Liberator.swift */,
				4D6BC7312058153100C82104 /* Main.storyboard */,
				4D304426204090C400C82104 /* MainMenu.xib */,
				4D163C58205A8A9100C82104 /* NvidiaCloverSettings.swift */,
				4D8347AB204211D100C82104 /* nvram.applescript */,
				4D304433204090F300C82104 /* Nvram.swift */,
				4DA515A3205BB17D00C82104 /* PackageDropView.swift */,
				4D8270C9205C728800C82104 /* Packager.swift */,
				4D17721D204544E900C82104 /* sysctl.swift */,
				4D30442A204090C400C82104 /* Web_Driver_Manager.entitlements */,
				4D17721B20453FE300C82104 /* WebDriverNotifications.swift */,
				4D49F93E205D011300C82104 /* PreferencesViewController.swift */,
			);
			path = WebDriverManager;
			sourceTree = "<group>";
		};
/* End PBXGroup section */

/* Begin PBXNativeTarget section */
		4D30441E204090C400C82104 /* Web Driver Manager */ = {
			isa = PBXNativeTarget;
			buildConfigurationList = 4D30442D204090C400C82104 /* Build configuration list for PBXNativeTarget "Web Driver Manager" */;
			buildPhases = (
				4D30441B204090C400C82104 /* Sources */,
				4D30441C204090C400C82104 /* Frameworks */,
				4D30441D204090C400C82104 /* Resources */,
				4DA515BB205BF66300C82104 /* Embed Frameworks */,
			);
			buildRules = (
			);
			dependencies = (
			);
			name = "Web Driver Manager";
			productName = "Web Driver Manager";
			productReference = 4D30441F204090C400C82104 /* Web Driver Manager.app */;
			productType = "com.apple.product-type.application";
		};
/* End PBXNativeTarget section */

/* Begin PBXProject section */
		4D304417204090C400C82104 /* Project object */ = {
			isa = PBXProject;
			attributes = {
				LastSwiftUpdateCheck = 0900;
				LastUpgradeCheck = 0900;
				ORGANIZATIONNAME = vulgo;
				TargetAttributes = {
					4D30441E204090C400C82104 = {
						CreatedOnToolsVersion = 9.0;
						LastSwiftMigration = 0920;
						ProvisioningStyle = Automatic;
					};
				};
			};
			buildConfigurationList = 4D30441A204090C400C82104 /* Build configuration list for PBXProject "WebDriverManager" */;
			compatibilityVersion = "Xcode 8.0";
			developmentRegion = en;
			hasScannedForEncodings = 0;
			knownRegions = (
				en,
				Base,
			);
			mainGroup = 4D304416204090C400C82104;
			productRefGroup = 4D304420204090C400C82104 /* Products */;
			projectDirPath = "";
			projectRoot = "";
			targets = (
				4D30441E204090C400C82104 /* Web Driver Manager */,
			);
		};
/* End PBXProject section */

/* Begin PBXResourcesBuildPhase section */
		4D30441D204090C400C82104 /* Resources */ = {
			isa = PBXResourcesBuildPhase;
			buildActionMask = 2147483647;
			files = (
				4D8347AD204211E100C82104 /* nvram.applescript in Resources */,
				4D6BC72F2058153100C82104 /* Main.storyboard in Resources */,
				4D304425204090C400C82104 /* Assets.xcassets in Resources */,
				4D555D642055381E00C82104 /* README.md in Resources */,
				4D304428204090C400C82104 /* MainMenu.xib in Resources */,
			);
			runOnlyForDeploymentPostprocessing = 0;
		};
/* End PBXResourcesBuildPhase section */

/* Begin PBXSourcesBuildPhase section */
		4D30441B204090C400C82104 /* Sources */ = {
			isa = PBXSourcesBuildPhase;
			buildActionMask = 2147483647;
			files = (
				4D09C74F2042B63600C82104 /* Defaults.swift in Sources */,
				4D163C57205A541F00C82104 /* CloverSettings.swift in Sources */,
				4D163C59205A8A9100C82104 /* NvidiaCloverSettings.swift in Sources */,
				4D304438204090F300C82104 /* Nvram.swift in Sources */,
				4D827091205C21BC00C82104 /* Liberator.swift in Sources */,
				4D49F93F205D011300C82104 /* PreferencesViewController.swift in Sources */,
				4D17721E204544E900C82104 /* sysctl.swift in Sources */,
				4D17721C20453FE300C82104 /* WebDriverNotifications.swift in Sources */,
				4D8347AC204211D100C82104 /* nvram.applescript in Sources */,
				4DA515A4205BB17D00C82104 /* PackageDropView.swift in Sources */,
				4D8879272055DF4400C82104 /* AboutViewController.swift in Sources */,
				4D304423204090C400C82104 /* AppDelegate.swift in Sources */,
				4D163C51205A541500C82104 /* RegistryEntry.swift in Sources */,
				4D8270CA205C728800C82104 /* Packager.swift in Sources */,
			);
			runOnlyForDeploymentPostprocessing = 0;
		};
/* End PBXSourcesBuildPhase section */

/* Begin PBXVariantGroup section */
		4D304426204090C400C82104 /* MainMenu.xib */ = {
			isa = PBXVariantGroup;
			children = (
				4D304427204090C400C82104 /* Base */,
				4D6BC72E2058110400C82104 /* en */,
			);
			name = MainMenu.xib;
			sourceTree = "<group>";
		};
		4D6BC7312058153100C82104 /* Main.storyboard */ = {
			isa = PBXVariantGroup;
			children = (
				4D6BC7302058153100C82104 /* Base */,
				4D6BC7352058156300C82104 /* en */,
			);
			name = Main.storyboard;
			sourceTree = "<group>";
		};
/* End PBXVariantGroup section */

/* Begin XCBuildConfiguration section */
		4D30442B204090C400C82104 /* Debug */ = {
			isa = XCBuildConfiguration;
			buildSettings = {
				ALWAYS_SEARCH_USER_PATHS = NO;
				CLANG_ANALYZER_LOCALIZABILITY_NONLOCALIZED = YES;
				CLANG_ANALYZER_NONNULL = YES;
				CLANG_ANALYZER_NUMBER_OBJECT_CONVERSION = YES_AGGRESSIVE;
				CLANG_CXX_LANGUAGE_STANDARD = "gnu++14";
				CLANG_CXX_LIBRARY = "libc++";
				CLANG_ENABLE_MODULES = YES;
				CLANG_ENABLE_OBJC_ARC = YES;
				CLANG_WARN_BLOCK_CAPTURE_AUTORELEASING = YES;
				CLANG_WARN_BOOL_CONVERSION = YES;
				CLANG_WARN_COMMA = YES;
				CLANG_WARN_CONSTANT_CONVERSION = YES;
				CLANG_WARN_DIRECT_OBJC_ISA_USAGE = YES_ERROR;
				CLANG_WARN_DOCUMENTATION_COMMENTS = YES;
				CLANG_WARN_EMPTY_BODY = YES;
				CLANG_WARN_ENUM_CONVERSION = YES;
				CLANG_WARN_INFINITE_RECURSION = YES;
				CLANG_WARN_INT_CONVERSION = YES;
				CLANG_WARN_NON_LITERAL_NULL_CONVERSION = YES;
				CLANG_WARN_OBJC_LITERAL_CONVERSION = YES;
				CLANG_WARN_OBJC_ROOT_CLASS = YES_ERROR;
				CLANG_WARN_RANGE_LOOP_ANALYSIS = YES;
				CLANG_WARN_STRICT_PROTOTYPES = YES;
				CLANG_WARN_SUSPICIOUS_MOVE = YES;
				CLANG_WARN_UNGUARDED_AVAILABILITY = YES_AGGRESSIVE;
				CLANG_WARN_UNREACHABLE_CODE = YES;
				CLANG_WARN__DUPLICATE_METHOD_MATCH = YES;
				CODE_SIGN_IDENTITY = "";
				COPY_PHASE_STRIP = NO;
				DEBUG_INFORMATION_FORMAT = dwarf;
				ENABLE_STRICT_OBJC_MSGSEND = YES;
				ENABLE_TESTABILITY = YES;
				FRAMEWORK_SEARCH_PATHS = "";
				GCC_C_LANGUAGE_STANDARD = gnu11;
				GCC_DYNAMIC_NO_PIC = NO;
				GCC_NO_COMMON_BLOCKS = YES;
				GCC_OPTIMIZATION_LEVEL = 0;
				GCC_PREPROCESSOR_DEFINITIONS = (
					"DEBUG=1",
					"$(inherited)",
				);
				GCC_WARN_64_TO_32_BIT_CONVERSION = YES;
				GCC_WARN_ABOUT_RETURN_TYPE = YES_ERROR;
				GCC_WARN_UNDECLARED_SELECTOR = YES;
				GCC_WARN_UNINITIALIZED_AUTOS = YES_AGGRESSIVE;
				GCC_WARN_UNUSED_FUNCTION = YES;
				GCC_WARN_UNUSED_VARIABLE = YES;
				MACOSX_DEPLOYMENT_TARGET = 10.12;
				MTL_ENABLE_DEBUG_INFO = YES;
				ONLY_ACTIVE_ARCH = YES;
				SDKROOT = macosx;
				SWIFT_ACTIVE_COMPILATION_CONDITIONS = DEBUG;
				SWIFT_OPTIMIZATION_LEVEL = "-Onone";
			};
			name = Debug;
		};
		4D30442C204090C400C82104 /* Release */ = {
			isa = XCBuildConfiguration;
			buildSettings = {
				ALWAYS_SEARCH_USER_PATHS = NO;
				CLANG_ANALYZER_LOCALIZABILITY_NONLOCALIZED = YES;
				CLANG_ANALYZER_NONNULL = YES;
				CLANG_ANALYZER_NUMBER_OBJECT_CONVERSION = YES_AGGRESSIVE;
				CLANG_CXX_LANGUAGE_STANDARD = "gnu++14";
				CLANG_CXX_LIBRARY = "libc++";
				CLANG_ENABLE_MODULES = YES;
				CLANG_ENABLE_OBJC_ARC = YES;
				CLANG_WARN_BLOCK_CAPTURE_AUTORELEASING = YES;
				CLANG_WARN_BOOL_CONVERSION = YES;
				CLANG_WARN_COMMA = YES;
				CLANG_WARN_CONSTANT_CONVERSION = YES;
				CLANG_WARN_DIRECT_OBJC_ISA_USAGE = YES_ERROR;
				CLANG_WARN_DOCUMENTATION_COMMENTS = YES;
				CLANG_WARN_EMPTY_BODY = YES;
				CLANG_WARN_ENUM_CONVERSION = YES;
				CLANG_WARN_INFINITE_RECURSION = YES;
				CLANG_WARN_INT_CONVERSION = YES;
				CLANG_WARN_NON_LITERAL_NULL_CONVERSION = YES;
				CLANG_WARN_OBJC_LITERAL_CONVERSION = YES;
				CLANG_WARN_OBJC_ROOT_CLASS = YES_ERROR;
				CLANG_WARN_RANGE_LOOP_ANALYSIS = YES;
				CLANG_WARN_STRICT_PROTOTYPES = YES;
				CLANG_WARN_SUSPICIOUS_MOVE = YES;
				CLANG_WARN_UNGUARDED_AVAILABILITY = YES_AGGRESSIVE;
				CLANG_WARN_UNREACHABLE_CODE = YES;
				CLANG_WARN__DUPLICATE_METHOD_MATCH = YES;
				CODE_SIGN_IDENTITY = "";
				COPY_PHASE_STRIP = NO;
				DEBUG_INFORMATION_FORMAT = "dwarf-with-dsym";
				ENABLE_NS_ASSERTIONS = NO;
				ENABLE_STRICT_OBJC_MSGSEND = YES;
				FRAMEWORK_SEARCH_PATHS = "";
				GCC_C_LANGUAGE_STANDARD = gnu11;
				GCC_NO_COMMON_BLOCKS = YES;
				GCC_WARN_64_TO_32_BIT_CONVERSION = YES;
				GCC_WARN_ABOUT_RETURN_TYPE = YES_ERROR;
				GCC_WARN_UNDECLARED_SELECTOR = YES;
				GCC_WARN_UNINITIALIZED_AUTOS = YES_AGGRESSIVE;
				GCC_WARN_UNUSED_FUNCTION = YES;
				GCC_WARN_UNUSED_VARIABLE = YES;
				MACOSX_DEPLOYMENT_TARGET = 10.12;
				MTL_ENABLE_DEBUG_INFO = NO;
				ONLY_ACTIVE_ARCH = YES;
				SDKROOT = macosx;
				SWIFT_OPTIMIZATION_LEVEL = "-Owholemodule";
			};
			name = Release;
		};
		4D30442E204090C400C82104 /* Debug */ = {
			isa = XCBuildConfiguration;
			buildSettings = {
				ASSETCATALOG_COMPILER_APPICON_NAME = AppIcon;
				CLANG_ENABLE_MODULES = YES;
				CODE_SIGN_ENTITLEMENTS = "";
				CODE_SIGN_IDENTITY = "";
				CODE_SIGN_STYLE = Automatic;
				COMBINE_HIDPI_IMAGES = YES;
				DEVELOPMENT_TEAM = "";
				INFOPLIST_FILE = "$(SRCROOT)/WebDriverManager/Info.plist";
				LD_RUNPATH_SEARCH_PATHS = "$(inherited) @executable_path/../Frameworks";
				MACOSX_DEPLOYMENT_TARGET = 10.12;
				PRODUCT_BUNDLE_IDENTIFIER = org.vulgo.WebDriverManager;
				PRODUCT_NAME = "$(TARGET_NAME)";
				PROVISIONING_PROFILE_SPECIFIER = "";
				SWIFT_OBJC_BRIDGING_HEADER = WebDriverManager/BridgingHeader.h;
				SWIFT_OPTIMIZATION_LEVEL = "-Onone";
				SWIFT_VERSION = 4.0;
			};
			name = Debug;
		};
		4D30442F204090C400C82104 /* Release */ = {
			isa = XCBuildConfiguration;
			buildSettings = {
				ASSETCATALOG_COMPILER_APPICON_NAME = AppIcon;
				CLANG_ENABLE_MODULES = YES;
				CODE_SIGN_ENTITLEMENTS = "";
				CODE_SIGN_IDENTITY = "";
				CODE_SIGN_STYLE = Automatic;
				COMBINE_HIDPI_IMAGES = YES;
				DEVELOPMENT_TEAM = "";
				INFOPLIST_FILE = "$(SRCROOT)/WebDriverManager/Info.plist";
				LD_RUNPATH_SEARCH_PATHS = "$(inherited) @executable_path/../Frameworks";
				MACOSX_DEPLOYMENT_TARGET = 10.12;
				PRODUCT_BUNDLE_IDENTIFIER = org.vulgo.WebDriverManager;
				PRODUCT_NAME = "$(TARGET_NAME)";
				PROVISIONING_PROFILE_SPECIFIER = "";
				SWIFT_OBJC_BRIDGING_HEADER = WebDriverManager/BridgingHeader.h;
				SWIFT_VERSION = 4.0;
			};
			name = Release;
		};
/* End XCBuildConfiguration section */

/* Begin XCConfigurationList section */
		4D30441A204090C400C82104 /* Build configuration list for PBXProject "WebDriverManager" */ = {
			isa = XCConfigurationList;
			buildConfigurations = (
				4D30442B204090C400C82104 /* Debug */,
				4D30442C204090C400C82104 /* Release */,
			);
			defaultConfigurationIsVisible = 0;
			defaultConfigurationName = Release;
		};
		4D30442D204090C400C82104 /* Build configuration list for PBXNativeTarget "Web Driver Manager" */ = {
			isa = XCConfigurationList;
			buildConfigurations = (
				4D30442E204090C400C82104 /* Debug */,
				4D30442F204090C400C82104 /* Release */,
			);
			defaultConfigurationIsVisible = 0;
			defaultConfigurationName = Release;
		};
/* End XCConfigurationList section */
	};
	rootObject = 4D304417204090C400C82104 /* Project object */;
}
